
Microsoft Visual Studio Solution File, Format Version 12.00
# Visual Studio Version 16
VisualStudioVersion = 16.0.30320.27
MinimumVisualStudioVersion = 10.0.40219.1
Project("{FAE04EC0-301F-11D3-BF4B-00C04F79EFBC}") = "PowerStatu", "PowerStatu.csproj", "{8D4A9120-072A-4054-944E-19A7D8385522}"
EndProject
Global
	GlobalSection(SolutionConfigurationPlatforms) = preSolution
		Debug|Any CPU = Debug|Any CPU
		Release|Any CPU = Release|Any CPU
	EndGlobalSection
	GlobalSection(ProjectConfigurationPlatforms) = postSolution
		{8D4A9120-072A-4054-944E-19A7D8385522}.Debug|Any CPU.ActiveCfg = Debug|Any CPU
		{8D4A9120-072A-4054-944E-19A7D8385522}.Debug|Any CPU.Build.0 = Debug|Any CPU
		{8D4A9120-072A-4054-944E-19A7D8385522}.Release|Any CPU.ActiveCfg = Release|Any CPU
		{8D4A9120-072A-4054-944E-19A7D8385522}.Release|Any CPU.Build.0 = Release|Any CPU
	EndGlobalSection
	GlobalSection(SolutionProperties) = preSolution
		HideSolutionNode = FALSE
	EndGlobalSection
	GlobalSection(ExtensibilityGlobals) = postSolution
		SolutionGuid = {6C2AB239-C33C-45B7-B25E-1F0FE078D065}
	EndGlobalSection
EndGlobal
